
Microsoft Visual Studio Solution File, Format Version 12.00
# Visual Studio 15
VisualStudioVersion = 15.0.28010.2050
MinimumVisualStudioVersion = 10.0.40219.1
Project("{8BC9CEB8-8B4A-11D0-8D11-00A0C91BC942}") = "OrderBook", "OrderBook\OrderBook.vcxproj", "{703DBCDA-2C7A-4839-9C99-EDB3154DE067}"
EndProject
Project("{2150E333-8FDC-42A3-9474-1A3956D46DE8}") = "3party", "3party", "{0A8404F3-BABC-4CD9-B57E-81C46E7B9ED1}"
EndProject
Project("{8BC9CEB8-8B4A-11D0-8D11-00A0C91BC942}") = "win32_interop", "3party\hiredis\msvs\vs-solutions\vs2015\win32_interop.vcxproj", "{8C07F811-C81C-432C-B334-1AE6FAECF951}"
EndProject
Project("{8BC9CEB8-8B4A-11D0-8D11-00A0C91BC942}") = "hiredis", "3party\hiredis\msvs\vs-solutions\vs2015\hiredis.vcxproj", "{13E85053-54B3-487B-8DDB-3430B1C1B3BF}"
EndProject
Project("{2150E333-8FDC-42A3-9474-1A3956D46DE8}") = "protobuf", "protobuf", "{1C3C7234-DC8C-4157-8C37-32C2E549620A}"
	ProjectSection(SolutionItems) = preProject
		protobuf\run.bat = protobuf\run.bat
		protobuf\run.sh = protobuf\run.sh
		protobuf\Trading.proto = protobuf\Trading.proto
	EndProjectSection
EndProject
Global
	GlobalSection(SolutionConfigurationPlatforms) = preSolution
		Debug|Any CPU = Debug|Any CPU
		Debug|x64 = Debug|x64
		Debug|x86 = Debug|x86
		Release|Any CPU = Release|Any CPU
		Release|x64 = Release|x64
		Release|x86 = Release|x86
	EndGlobalSection
	GlobalSection(ProjectConfigurationPlatforms) = postSolution
		{703DBCDA-2C7A-4839-9C99-EDB3154DE067}.Debug|Any CPU.ActiveCfg = Debug|Win32
		{703DBCDA-2C7A-4839-9C99-EDB3154DE067}.Debug|x64.ActiveCfg = Debug|x64
		{703DBCDA-2C7A-4839-9C99-EDB3154DE067}.Debug|x64.Build.0 = Debug|x64
		{703DBCDA-2C7A-4839-9C99-EDB3154DE067}.Debug|x86.ActiveCfg = Debug|Win32
		{703DBCDA-2C7A-4839-9C99-EDB3154DE067}.Debug|x86.Build.0 = Debug|Win32
		{703DBCDA-2C7A-4839-9C99-EDB3154DE067}.Release|Any CPU.ActiveCfg = Release|Win32
		{703DBCDA-2C7A-4839-9C99-EDB3154DE067}.Release|x64.ActiveCfg = Release|x64
		{703DBCDA-2C7A-4839-9C99-EDB3154DE067}.Release|x64.Build.0 = Release|x64
		{703DBCDA-2C7A-4839-9C99-EDB3154DE067}.Release|x86.ActiveCfg = Release|Win32
		{703DBCDA-2C7A-4839-9C99-EDB3154DE067}.Release|x86.Build.0 = Release|Win32
		{8C07F811-C81C-432C-B334-1AE6FAECF951}.Debug|Any CPU.ActiveCfg = Debug|Win32
		{8C07F811-C81C-432C-B334-1AE6FAECF951}.Debug|x64.ActiveCfg = Debug|x64
		{8C07F811-C81C-432C-B334-1AE6FAECF951}.Debug|x64.Build.0 = Debug|x64
		{8C07F811-C81C-432C-B334-1AE6FAECF951}.Debug|x86.ActiveCfg = Debug|Win32
		{8C07F811-C81C-432C-B334-1AE6FAECF951}.Debug|x86.Build.0 = Debug|Win32
		{8C07F811-C81C-432C-B334-1AE6FAECF951}.Release|Any CPU.ActiveCfg = Release|Win32
		{8C07F811-C81C-432C-B334-1AE6FAECF951}.Release|x64.ActiveCfg = Release|x64
		{8C07F811-C81C-432C-B334-1AE6FAECF951}.Release|x64.Build.0 = Release|x64
		{8C07F811-C81C-432C-B334-1AE6FAECF951}.Release|x86.ActiveCfg = Release|Win32
		{8C07F811-C81C-432C-B334-1AE6FAECF951}.Release|x86.Build.0 = Release|Win32
		{13E85053-54B3-487B-8DDB-3430B1C1B3BF}.Debug|Any CPU.ActiveCfg = Debug|Win32
		{13E85053-54B3-487B-8DDB-3430B1C1B3BF}.Debug|x64.ActiveCfg = Debug|x64
		{13E85053-54B3-487B-8DDB-3430B1C1B3BF}.Debug|x64.Build.0 = Debug|x64
		{13E85053-54B3-487B-8DDB-3430B1C1B3BF}.Debug|x86.ActiveCfg = Debug|Win32
		{13E85053-54B3-487B-8DDB-3430B1C1B3BF}.Debug|x86.Build.0 = Debug|Win32
		{13E85053-54B3-487B-8DDB-3430B1C1B3BF}.Release|Any CPU.ActiveCfg = Release|Win32
		{13E85053-54B3-487B-8DDB-3430B1C1B3BF}.Release|x64.ActiveCfg = Release|x64
		{13E85053-54B3-487B-8DDB-3430B1C1B3BF}.Release|x64.Build.0 = Release|x64
		{13E85053-54B3-487B-8DDB-3430B1C1B3BF}.Release|x86.ActiveCfg = Release|Win32
		{13E85053-54B3-487B-8DDB-3430B1C1B3BF}.Release|x86.Build.0 = Release|Win32
	EndGlobalSection
	GlobalSection(SolutionProperties) = preSolution
		HideSolutionNode = FALSE
	EndGlobalSection
	GlobalSection(NestedProjects) = preSolution
		{8C07F811-C81C-432C-B334-1AE6FAECF951} = {0A8404F3-BABC-4CD9-B57E-81C46E7B9ED1}
		{13E85053-54B3-487B-8DDB-3430B1C1B3BF} = {0A8404F3-BABC-4CD9-B57E-81C46E7B9ED1}
	EndGlobalSection
	GlobalSection(ExtensibilityGlobals) = postSolution
		SolutionGuid = {EA69C26A-C5ED-4820-BE16-15F158C5FBEE}
	EndGlobalSection
EndGlobal
